// !$*UTF8*$!
{
	archiveVersion = 1;
	classes = {
	};
	objectVersion = 50;
	objects = {

/* Begin PBXBuildFile section */
		562B2A2E258FA6F00014A558 /* BookmarkView.swift in Sources */ = {isa = PBXBuildFile; fileRef = 562B2A2D258FA6F00014A558 /* BookmarkView.swift */; };
		562B2A43259F04830014A558 /* Item.swift in Sources */ = {isa = PBXBuildFile; fileRef = 562B2A42259F04830014A558 /* Item.swift */; };
		6653B4952620A6490096A0A5 /* Classification.swift in Sources */ = {isa = PBXBuildFile; fileRef = 6653B4942620A6490096A0A5 /* Classification.swift */; };
		6653B49B2620ADF70096A0A5 /* Classifications.json in Resources */ = {isa = PBXBuildFile; fileRef = 6653B49A2620ADF70096A0A5 /* Classifications.json */; };
		6653B49F263410600096A0A5 /* RecipeData.json in Resources */ = {isa = PBXBuildFile; fileRef = 6653B49E263410600096A0A5 /* RecipeData.json */; };
		665E03D1254B117D00F62F66 /* cockchelinApp.swift in Sources */ = {isa = PBXBuildFile; fileRef = 665E03D0254B117D00F62F66 /* cockchelinApp.swift */; };
		665E03D3254B117D00F62F66 /* ContentView.swift in Sources */ = {isa = PBXBuildFile; fileRef = 665E03D2254B117D00F62F66 /* ContentView.swift */; };
		665E03D5254B117E00F62F66 /* Assets.xcassets in Resources */ = {isa = PBXBuildFile; fileRef = 665E03D4254B117E00F62F66 /* Assets.xcassets */; };
		665E03D8254B117E00F62F66 /* Preview Assets.xcassets in Resources */ = {isa = PBXBuildFile; fileRef = 665E03D7254B117E00F62F66 /* Preview Assets.xcassets */; };
		665E03E1254B11D700F62F66 /* HomeView.swift in Sources */ = {isa = PBXBuildFile; fileRef = 665E03E0254B11D700F62F66 /* HomeView.swift */; };
		665E03E4254B11DD00F62F66 /* RecipeSearchView.swift in Sources */ = {isa = PBXBuildFile; fileRef = 665E03E3254B11DD00F62F66 /* RecipeSearchView.swift */; };
		665E03EB254B11EB00F62F66 /* Helper.swift in Sources */ = {isa = PBXBuildFile; fileRef = 665E03E6254B11EB00F62F66 /* Helper.swift */; };
		665E03EC254B11EB00F62F66 /* Constants.swift in Sources */ = {isa = PBXBuildFile; fileRef = 665E03E7254B11EB00F62F66 /* Constants.swift */; };
		665E03FB254B122C00F62F66 /* RecipeView.swift in Sources */ = {isa = PBXBuildFile; fileRef = 665E03F2254B122C00F62F66 /* RecipeView.swift */; };
		665E03FD254B122C00F62F66 /* Recipe.swift in Sources */ = {isa = PBXBuildFile; fileRef = 665E03F5254B122C00F62F66 /* Recipe.swift */; };
		665E03FE254B122C00F62F66 /* RecipeModel.swift in Sources */ = {isa = PBXBuildFile; fileRef = 665E03F6254B122C00F62F66 /* RecipeModel.swift */; };
		665E03FF254B122C00F62F66 /* RecipeViewModel.swift in Sources */ = {isa = PBXBuildFile; fileRef = 665E03F8254B122C00F62F66 /* RecipeViewModel.swift */; };
		6690C697254D27C100F5031E /* RecipeSearchViewModel.swift in Sources */ = {isa = PBXBuildFile; fileRef = 6690C696254D27C100F5031E /* RecipeSearchViewModel.swift */; };
		66CA2A8825A0D19000CEB149 /* Filter.swift in Sources */ = {isa = PBXBuildFile; fileRef = 66CA2A8725A0D19000CEB149 /* Filter.swift */; };
		66D18DA125D7A4F50087B559 /* RecipeItemView.swift in Sources */ = {isa = PBXBuildFile; fileRef = 66D18DA025D7A4F50087B559 /* RecipeItemView.swift */; };
		66E5D7C625FDFAED00700367 /* IngredientManager.swift in Sources */ = {isa = PBXBuildFile; fileRef = 66E5D7C525FDFAED00700367 /* IngredientManager.swift */; };
		66E5D7C925FE0E2400700367 /* FilterViewModel.swift in Sources */ = {isa = PBXBuildFile; fileRef = 66E5D7C825FE0E2400700367 /* FilterViewModel.swift */; };
		66E5D7CC25FE0E4100700367 /* Ingredients.json in Resources */ = {isa = PBXBuildFile; fileRef = 66E5D7CB25FE0E4100700367 /* Ingredients.json */; };
		A25583B425868EAB0087FEAD /* FilterView.swift in Sources */ = {isa = PBXBuildFile; fileRef = A25583B325868EAB0087FEAD /* FilterView.swift */; };
/* End PBXBuildFile section */

/* Begin PBXFileReference section */
		562B2A2D258FA6F00014A558 /* BookmarkView.swift */ = {isa = PBXFileReference; lastKnownFileType = sourcecode.swift; path = BookmarkView.swift; sourceTree = "<group>"; };
		562B2A42259F04830014A558 /* Item.swift */ = {isa = PBXFileReference; lastKnownFileType = sourcecode.swift; path = Item.swift; sourceTree = "<group>"; };
		6653B4942620A6490096A0A5 /* Classification.swift */ = {isa = PBXFileReference; lastKnownFileType = sourcecode.swift; path = Classification.swift; sourceTree = "<group>"; };
		6653B49A2620ADF70096A0A5 /* Classifications.json */ = {isa = PBXFileReference; fileEncoding = 4; lastKnownFileType = text.json; path = Classifications.json; sourceTree = "<group>"; };
		6653B49E263410600096A0A5 /* RecipeData.json */ = {isa = PBXFileReference; fileEncoding = 4; lastKnownFileType = text.json; path = RecipeData.json; sourceTree = "<group>"; };
		665E03CD254B117D00F62F66 /* cockchelin.app */ = {isa = PBXFileReference; explicitFileType = wrapper.application; includeInIndex = 0; path = cockchelin.app; sourceTree = BUILT_PRODUCTS_DIR; };
		665E03D0254B117D00F62F66 /* cockchelinApp.swift */ = {isa = PBXFileReference; lastKnownFileType = sourcecode.swift; path = cockchelinApp.swift; sourceTree = "<group>"; };
		665E03D2254B117D00F62F66 /* ContentView.swift */ = {isa = PBXFileReference; lastKnownFileType = sourcecode.swift; path = ContentView.swift; sourceTree = "<group>"; };
		665E03D4254B117E00F62F66 /* Assets.xcassets */ = {isa = PBXFileReference; lastKnownFileType = folder.assetcatalog; path = Assets.xcassets; sourceTree = "<group>"; };
		665E03D7254B117E00F62F66 /* Preview Assets.xcassets */ = {isa = PBXFileReference; lastKnownFileType = folder.assetcatalog; path = "Preview Assets.xcassets"; sourceTree = "<group>"; };
		665E03D9254B117E00F62F66 /* Info.plist */ = {isa = PBXFileReference; lastKnownFileType = text.plist.xml; path = Info.plist; sourceTree = "<group>"; };
		665E03E0254B11D700F62F66 /* HomeView.swift */ = {isa = PBXFileReference; fileEncoding = 4; lastKnownFileType = sourcecode.swift; path = HomeView.swift; sourceTree = "<group>"; };
		665E03E3254B11DD00F62F66 /* RecipeSearchView.swift */ = {isa = PBXFileReference; fileEncoding = 4; lastKnownFileType = sourcecode.swift; path = RecipeSearchView.swift; sourceTree = "<group>"; };
		665E03E6254B11EB00F62F66 /* Helper.swift */ = {isa = PBXFileReference; fileEncoding = 4; lastKnownFileType = sourcecode.swift; path = Helper.swift; sourceTree = "<group>"; };
		665E03E7254B11EB00F62F66 /* Constants.swift */ = {isa = PBXFileReference; fileEncoding = 4; lastKnownFileType = sourcecode.swift; path = Constants.swift; sourceTree = "<group>"; };
		665E03F2254B122C00F62F66 /* RecipeView.swift */ = {isa = PBXFileReference; fileEncoding = 4; lastKnownFileType = sourcecode.swift; path = RecipeView.swift; sourceTree = "<group>"; };
		665E03F5254B122C00F62F66 /* Recipe.swift */ = {isa = PBXFileReference; fileEncoding = 4; lastKnownFileType = sourcecode.swift; path = Recipe.swift; sourceTree = "<group>"; };
		665E03F6254B122C00F62F66 /* RecipeModel.swift */ = {isa = PBXFileReference; fileEncoding = 4; lastKnownFileType = sourcecode.swift; path = RecipeModel.swift; sourceTree = "<group>"; };
		665E03F8254B122C00F62F66 /* RecipeViewModel.swift */ = {isa = PBXFileReference; fileEncoding = 4; lastKnownFileType = sourcecode.swift; path = RecipeViewModel.swift; sourceTree = "<group>"; };
		6690C696254D27C100F5031E /* RecipeSearchViewModel.swift */ = {isa = PBXFileReference; lastKnownFileType = sourcecode.swift; path = RecipeSearchViewModel.swift; sourceTree = "<group>"; };
		66CA2A8725A0D19000CEB149 /* Filter.swift */ = {isa = PBXFileReference; lastKnownFileType = sourcecode.swift; path = Filter.swift; sourceTree = "<group>"; };
		66D18DA025D7A4F50087B559 /* RecipeItemView.swift */ = {isa = PBXFileReference; lastKnownFileType = sourcecode.swift; path = RecipeItemView.swift; sourceTree = "<group>"; };
		66E5D7C525FDFAED00700367 /* IngredientManager.swift */ = {isa = PBXFileReference; fileEncoding = 4; lastKnownFileType = sourcecode.swift; path = IngredientManager.swift; sourceTree = "<group>"; };
		66E5D7C825FE0E2400700367 /* FilterViewModel.swift */ = {isa = PBXFileReference; lastKnownFileType = sourcecode.swift; path = FilterViewModel.swift; sourceTree = "<group>"; };
		66E5D7CB25FE0E4100700367 /* Ingredients.json */ = {isa = PBXFileReference; fileEncoding = 4; lastKnownFileType = text.json; path = Ingredients.json; sourceTree = "<group>"; };
		A25583B325868EAB0087FEAD /* FilterView.swift */ = {isa = PBXFileReference; lastKnownFileType = sourcecode.swift; path = FilterView.swift; sourceTree = "<group>"; };
		A2C7C525259F0C2A0041E6E2 /* cockchelin copy-Info.plist */ = {isa = PBXFileReference; lastKnownFileType = text.plist.xml; name = "cockchelin copy-Info.plist"; path = "/Users/khs/Documents/cockchelin/cockchelin copy-Info.plist"; sourceTree = "<absolute>"; };
/* End PBXFileReference section */

/* Begin PBXFrameworksBuildPhase section */
		665E03CA254B117D00F62F66 /* Frameworks */ = {
			isa = PBXFrameworksBuildPhase;
			buildActionMask = 2147483647;
			files = (
			);
			runOnlyForDeploymentPostprocessing = 0;
		};
/* End PBXFrameworksBuildPhase section */

/* Begin PBXGroup section */
		665E03C4254B117D00F62F66 = {
			isa = PBXGroup;
			children = (
				665E03CF254B117D00F62F66 /* cockchelin */,
				665E03CE254B117D00F62F66 /* Products */,
				A2C7C525259F0C2A0041E6E2 /* cockchelin copy-Info.plist */,
			);
			sourceTree = "<group>";
		};
		665E03CE254B117D00F62F66 /* Products */ = {
			isa = PBXGroup;
			children = (
				665E03CD254B117D00F62F66 /* cockchelin.app */,
			);
			name = Products;
			sourceTree = "<group>";
		};
		665E03CF254B117D00F62F66 /* cockchelin */ = {
			isa = PBXGroup;
			children = (
				665E03F4254B122C00F62F66 /* Model */,
				665E03F1254B122C00F62F66 /* View */,
				665E03F7254B122C00F62F66 /* ViewModel */,
				665E03D0254B117D00F62F66 /* cockchelinApp.swift */,
				66E5D7C525FDFAED00700367 /* IngredientManager.swift */,
				66CA2A8725A0D19000CEB149 /* Filter.swift */,
				665E03E7254B11EB00F62F66 /* Constants.swift */,
				665E03E6254B11EB00F62F66 /* Helper.swift */,
				6653B49E263410600096A0A5 /* RecipeData.json */,
				6653B49A2620ADF70096A0A5 /* Classifications.json */,
				66E5D7CB25FE0E4100700367 /* Ingredients.json */,
				665E03D4254B117E00F62F66 /* Assets.xcassets */,
				665E03D9254B117E00F62F66 /* Info.plist */,
				665E03D6254B117E00F62F66 /* Preview Content */,
			);
			path = cockchelin;
			sourceTree = "<group>";
		};
		665E03D6254B117E00F62F66 /* Preview Content */ = {
			isa = PBXGroup;
			children = (
				665E03D7254B117E00F62F66 /* Preview Assets.xcassets */,
			);
			path = "Preview Content";
			sourceTree = "<group>";
		};
		665E03F1254B122C00F62F66 /* View */ = {
			isa = PBXGroup;
			children = (
				665E03D2254B117D00F62F66 /* ContentView.swift */,
				665E03E0254B11D700F62F66 /* HomeView.swift */,
				665E03F2254B122C00F62F66 /* RecipeView.swift */,
				665E03E3254B11DD00F62F66 /* RecipeSearchView.swift */,
				A25583B325868EAB0087FEAD /* FilterView.swift */,
				562B2A2D258FA6F00014A558 /* BookmarkView.swift */,
				66D18DA025D7A4F50087B559 /* RecipeItemView.swift */,
			);
			path = View;
			sourceTree = "<group>";
		};
		665E03F4254B122C00F62F66 /* Model */ = {
			isa = PBXGroup;
			children = (
				665E03F5254B122C00F62F66 /* Recipe.swift */,
				665E03F6254B122C00F62F66 /* RecipeModel.swift */,
				562B2A42259F04830014A558 /* Item.swift */,
				6653B4942620A6490096A0A5 /* Classification.swift */,
			);
			path = Model;
			sourceTree = "<group>";
		};
		665E03F7254B122C00F62F66 /* ViewModel */ = {
			isa = PBXGroup;
			children = (
				665E03F8254B122C00F62F66 /* RecipeViewModel.swift */,
				6690C696254D27C100F5031E /* RecipeSearchViewModel.swift */,
				66E5D7C825FE0E2400700367 /* FilterViewModel.swift */,
			);
			path = ViewModel;
			sourceTree = "<group>";
		};
/* End PBXGroup section */

/* Begin PBXNativeTarget section */
		665E03CC254B117D00F62F66 /* cockchelin */ = {
			isa = PBXNativeTarget;
			buildConfigurationList = 665E03DC254B117E00F62F66 /* Build configuration list for PBXNativeTarget "cockchelin" */;
			buildPhases = (
				665E03C9254B117D00F62F66 /* Sources */,
				665E03CA254B117D00F62F66 /* Frameworks */,
				665E03CB254B117D00F62F66 /* Resources */,
			);
			buildRules = (
			);
			dependencies = (
			);
			name = cockchelin;
			productName = cockchelin;
			productReference = 665E03CD254B117D00F62F66 /* cockchelin.app */;
			productType = "com.apple.product-type.application";
		};
/* End PBXNativeTarget section */

/* Begin PBXProject section */
		665E03C5254B117D00F62F66 /* Project object */ = {
			isa = PBXProject;
			attributes = {
				LastSwiftUpdateCheck = 1210;
				LastUpgradeCheck = 1210;
				TargetAttributes = {
					665E03CC254B117D00F62F66 = {
						CreatedOnToolsVersion = 12.1;
					};
				};
			};
			buildConfigurationList = 665E03C8254B117D00F62F66 /* Build configuration list for PBXProject "cockchelin" */;
			compatibilityVersion = "Xcode 9.3";
			developmentRegion = en;
			hasScannedForEncodings = 0;
			knownRegions = (
				en,
				Base,
			);
			mainGroup = 665E03C4254B117D00F62F66;
			productRefGroup = 665E03CE254B117D00F62F66 /* Products */;
			projectDirPath = "";
			projectRoot = "";
			targets = (
				665E03CC254B117D00F62F66 /* cockchelin */,
			);
		};
/* End PBXProject section */

/* Begin PBXResourcesBuildPhase section */
		665E03CB254B117D00F62F66 /* Resources */ = {
			isa = PBXResourcesBuildPhase;
			buildActionMask = 2147483647;
			files = (
				6653B49B2620ADF70096A0A5 /* Classifications.json in Resources */,
				66E5D7CC25FE0E4100700367 /* Ingredients.json in Resources */,
				665E03D8254B117E00F62F66 /* Preview Assets.xcassets in Resources */,
				6653B49F263410600096A0A5 /* RecipeData.json in Resources */,
				665E03D5254B117E00F62F66 /* Assets.xcassets in Resources */,
			);
			runOnlyForDeploymentPostprocessing = 0;
		};
/* End PBXResourcesBuildPhase section */

/* Begin PBXSourcesBuildPhase section */
		665E03C9254B117D00F62F66 /* Sources */ = {
			isa = PBXSourcesBuildPhase;
			buildActionMask = 2147483647;
			files = (
				6653B4952620A6490096A0A5 /* Classification.swift in Sources */,
				665E03FB254B122C00F62F66 /* RecipeView.swift in Sources */,
				A25583B425868EAB0087FEAD /* FilterView.swift in Sources */,
				665E03E1254B11D700F62F66 /* HomeView.swift in Sources */,
				665E03D3254B117D00F62F66 /* ContentView.swift in Sources */,
				665E03EB254B11EB00F62F66 /* Helper.swift in Sources */,
				66D18DA125D7A4F50087B559 /* RecipeItemView.swift in Sources */,
				562B2A2E258FA6F00014A558 /* BookmarkView.swift in Sources */,
				665E03FE254B122C00F62F66 /* RecipeModel.swift in Sources */,
				665E03E4254B11DD00F62F66 /* RecipeSearchView.swift in Sources */,
				6690C697254D27C100F5031E /* RecipeSearchViewModel.swift in Sources */,
				66E5D7C925FE0E2400700367 /* FilterViewModel.swift in Sources */,
				665E03D1254B117D00F62F66 /* cockchelinApp.swift in Sources */,
				562B2A43259F04830014A558 /* Item.swift in Sources */,
				66E5D7C625FDFAED00700367 /* IngredientManager.swift in Sources */,
				665E03EC254B11EB00F62F66 /* Constants.swift in Sources */,
				66CA2A8825A0D19000CEB149 /* Filter.swift in Sources */,
				665E03FD254B122C00F62F66 /* Recipe.swift in Sources */,
				665E03FF254B122C00F62F66 /* RecipeViewModel.swift in Sources */,
			);
			runOnlyForDeploymentPostprocessing = 0;
		};
/* End PBXSourcesBuildPhase section */

/* Begin XCBuildConfiguration section */
		665E03DA254B117E00F62F66 /* Debug */ = {
			isa = XCBuildConfiguration;
			buildSettings = {
				ALWAYS_SEARCH_USER_PATHS = NO;
				CLANG_ANALYZER_NONNULL = YES;
				CLANG_ANALYZER_NUMBER_OBJECT_CONVERSION = YES_AGGRESSIVE;
				CLANG_CXX_LANGUAGE_STANDARD = "gnu++14";
				CLANG_CXX_LIBRARY = "libc++";
				CLANG_ENABLE_MODULES = YES;
				CLANG_ENABLE_OBJC_ARC = YES;
				CLANG_ENABLE_OBJC_WEAK = YES;
				CLANG_WARN_BLOCK_CAPTURE_AUTORELEASING = YES;
				CLANG_WARN_BOOL_CONVERSION = YES;
				CLANG_WARN_COMMA = YES;
				CLANG_WARN_CONSTANT_CONVERSION = YES;
				CLANG_WARN_DEPRECATED_OBJC_IMPLEMENTATIONS = YES;
				CLANG_WARN_DIRECT_OBJC_ISA_USAGE = YES_ERROR;
				CLANG_WARN_DOCUMENTATION_COMMENTS = YES;
				CLANG_WARN_EMPTY_BODY = YES;
				CLANG_WARN_ENUM_CONVERSION = YES;
				CLANG_WARN_INFINITE_RECURSION = YES;
				CLANG_WARN_INT_CONVERSION = YES;
				CLANG_WARN_NON_LITERAL_NULL_CONVERSION = YES;
				CLANG_WARN_OBJC_IMPLICIT_RETAIN_SELF = YES;
				CLANG_WARN_OBJC_LITERAL_CONVERSION = YES;
				CLANG_WARN_OBJC_ROOT_CLASS = YES_ERROR;
				CLANG_WARN_QUOTED_INCLUDE_IN_FRAMEWORK_HEADER = YES;
				CLANG_WARN_RANGE_LOOP_ANALYSIS = YES;
				CLANG_WARN_STRICT_PROTOTYPES = YES;
				CLANG_WARN_SUSPICIOUS_MOVE = YES;
				CLANG_WARN_UNGUARDED_AVAILABILITY = YES_AGGRESSIVE;
				CLANG_WARN_UNREACHABLE_CODE = YES;
				CLANG_WARN__DUPLICATE_METHOD_MATCH = YES;
				COPY_PHASE_STRIP = NO;
				DEBUG_INFORMATION_FORMAT = dwarf;
				ENABLE_STRICT_OBJC_MSGSEND = YES;
				ENABLE_TESTABILITY = YES;
				GCC_C_LANGUAGE_STANDARD = gnu11;
				GCC_DYNAMIC_NO_PIC = NO;
				GCC_NO_COMMON_BLOCKS = YES;
				GCC_OPTIMIZATION_LEVEL = 0;
				GCC_PREPROCESSOR_DEFINITIONS = (
					"DEBUG=1",
					"$(inherited)",
				);
				GCC_WARN_64_TO_32_BIT_CONVERSION = YES;
				GCC_WARN_ABOUT_RETURN_TYPE = YES_ERROR;
				GCC_WARN_UNDECLARED_SELECTOR = YES;
				GCC_WARN_UNINITIALIZED_AUTOS = YES_AGGRESSIVE;
				GCC_WARN_UNUSED_FUNCTION = YES;
				GCC_WARN_UNUSED_VARIABLE = YES;
				IPHONEOS_DEPLOYMENT_TARGET = 14.1;
				MTL_ENABLE_DEBUG_INFO = INCLUDE_SOURCE;
				MTL_FAST_MATH = YES;
				ONLY_ACTIVE_ARCH = YES;
				SDKROOT = iphoneos;
				SWIFT_ACTIVE_COMPILATION_CONDITIONS = DEBUG;
				SWIFT_OPTIMIZATION_LEVEL = "-Onone";
			};
			name = Debug;
		};
		665E03DB254B117E00F62F66 /* Release */ = {
			isa = XCBuildConfiguration;
			buildSettings = {
				ALWAYS_SEARCH_USER_PATHS = NO;
				CLANG_ANALYZER_NONNULL = YES;
				CLANG_ANALYZER_NUMBER_OBJECT_CONVERSION = YES_AGGRESSIVE;
				CLANG_CXX_LANGUAGE_STANDARD = "gnu++14";
				CLANG_CXX_LIBRARY = "libc++";
				CLANG_ENABLE_MODULES = YES;
				CLANG_ENABLE_OBJC_ARC = YES;
				CLANG_ENABLE_OBJC_WEAK = YES;
				CLANG_WARN_BLOCK_CAPTURE_AUTORELEASING = YES;
				CLANG_WARN_BOOL_CONVERSION = YES;
				CLANG_WARN_COMMA = YES;
				CLANG_WARN_CONSTANT_CONVERSION = YES;
				CLANG_WARN_DEPRECATED_OBJC_IMPLEMENTATIONS = YES;
				CLANG_WARN_DIRECT_OBJC_ISA_USAGE = YES_ERROR;
				CLANG_WARN_DOCUMENTATION_COMMENTS = YES;
				CLANG_WARN_EMPTY_BODY = YES;
				CLANG_WARN_ENUM_CONVERSION = YES;
				CLANG_WARN_INFINITE_RECURSION = YES;
				CLANG_WARN_INT_CONVERSION = YES;
				CLANG_WARN_NON_LITERAL_NULL_CONVERSION = YES;
				CLANG_WARN_OBJC_IMPLICIT_RETAIN_SELF = YES;
				CLANG_WARN_OBJC_LITERAL_CONVERSION = YES;
				CLANG_WARN_OBJC_ROOT_CLASS = YES_ERROR;
				CLANG_WARN_QUOTED_INCLUDE_IN_FRAMEWORK_HEADER = YES;
				CLANG_WARN_RANGE_LOOP_ANALYSIS = YES;
				CLANG_WARN_STRICT_PROTOTYPES = YES;
				CLANG_WARN_SUSPICIOUS_MOVE = YES;
				CLANG_WARN_UNGUARDED_AVAILABILITY = YES_AGGRESSIVE;
				CLANG_WARN_UNREACHABLE_CODE = YES;
				CLANG_WARN__DUPLICATE_METHOD_MATCH = YES;
				COPY_PHASE_STRIP = NO;
				DEBUG_INFORMATION_FORMAT = "dwarf-with-dsym";
				ENABLE_NS_ASSERTIONS = NO;
				ENABLE_STRICT_OBJC_MSGSEND = YES;
				GCC_C_LANGUAGE_STANDARD = gnu11;
				GCC_NO_COMMON_BLOCKS = YES;
				GCC_WARN_64_TO_32_BIT_CONVERSION = YES;
				GCC_WARN_ABOUT_RETURN_TYPE = YES_ERROR;
				GCC_WARN_UNDECLARED_SELECTOR = YES;
				GCC_WARN_UNINITIALIZED_AUTOS = YES_AGGRESSIVE;
				GCC_WARN_UNUSED_FUNCTION = YES;
				GCC_WARN_UNUSED_VARIABLE = YES;
				IPHONEOS_DEPLOYMENT_TARGET = 14.1;
				MTL_ENABLE_DEBUG_INFO = NO;
				MTL_FAST_MATH = YES;
				SDKROOT = iphoneos;
				SWIFT_COMPILATION_MODE = wholemodule;
				SWIFT_OPTIMIZATION_LEVEL = "-O";
				VALIDATE_PRODUCT = YES;
			};
			name = Release;
		};
		665E03DD254B117E00F62F66 /* Debug */ = {
			isa = XCBuildConfiguration;
			buildSettings = {
				ASSETCATALOG_COMPILER_APPICON_NAME = AppIcon;
				ASSETCATALOG_COMPILER_GLOBAL_ACCENT_COLOR_NAME = AccentColor;
				CODE_SIGN_STYLE = Automatic;
				DEVELOPMENT_ASSET_PATHS = "\"cockchelin/Preview Content\"";
				ENABLE_PREVIEWS = YES;
				INFOPLIST_FILE = cockchelin/Info.plist;
				IPHONEOS_DEPLOYMENT_TARGET = 14.0;
				LD_RUNPATH_SEARCH_PATHS = (
					"$(inherited)",
					"@executable_path/Frameworks",
				);
				PRODUCT_BUNDLE_IDENTIFIER = hb.cockchelin;
				PRODUCT_NAME = "$(TARGET_NAME)";
				SWIFT_VERSION = 5.0;
				TARGETED_DEVICE_FAMILY = "1,2";
			};
			name = Debug;
		};
		665E03DE254B117E00F62F66 /* Release */ = {
			isa = XCBuildConfiguration;
			buildSettings = {
				ASSETCATALOG_COMPILER_APPICON_NAME = AppIcon;
				ASSETCATALOG_COMPILER_GLOBAL_ACCENT_COLOR_NAME = AccentColor;
				CODE_SIGN_STYLE = Automatic;
				DEVELOPMENT_ASSET_PATHS = "\"cockchelin/Preview Content\"";
				ENABLE_PREVIEWS = YES;
				INFOPLIST_FILE = cockchelin/Info.plist;
				IPHONEOS_DEPLOYMENT_TARGET = 14.0;
				LD_RUNPATH_SEARCH_PATHS = (
					"$(inherited)",
					"@executable_path/Frameworks",
				);
				PRODUCT_BUNDLE_IDENTIFIER = hb.cockchelin;
				PRODUCT_NAME = "$(TARGET_NAME)";
				SWIFT_VERSION = 5.0;
				TARGETED_DEVICE_FAMILY = "1,2";
			};
			name = Release;
		};
/* End XCBuildConfiguration section */

/* Begin XCConfigurationList section */
		665E03C8254B117D00F62F66 /* Build configuration list for PBXProject "cockchelin" */ = {
			isa = XCConfigurationList;
			buildConfigurations = (
				665E03DA254B117E00F62F66 /* Debug */,
				665E03DB254B117E00F62F66 /* Release */,
			);
			defaultConfigurationIsVisible = 0;
			defaultConfigurationName = Release;
		};
		665E03DC254B117E00F62F66 /* Build configuration list for PBXNativeTarget "cockchelin" */ = {
			isa = XCConfigurationList;
			buildConfigurations = (
				665E03DD254B117E00F62F66 /* Debug */,
				665E03DE254B117E00F62F66 /* Release */,
			);
			defaultConfigurationIsVisible = 0;
			defaultConfigurationName = Release;
		};
/* End XCConfigurationList section */
	};
	rootObject = 665E03C5254B117D00F62F66 /* Project object */;
}
